
Microsoft Visual Studio Solution File, Format Version 12.00
# Visual Studio Version 17
VisualStudioVersion = 17.14.36811.4 d17.14
MinimumVisualStudioVersion = 10.0.40219.1
Project("{FAE04EC0-301F-11D3-BF4B-00C04F79EFBC}") = "TidyControl", "TidyControl.csproj", "{72F18DD1-4EAE-4113-AE19-566C49DAAC7E}"
EndProject
Project("{FAE04EC0-301F-11D3-BF4B-00C04F79EFBC}") = "TidyControlDemo", "..\..\demo\TidyControlDemo\TidyControlDemo.csproj", "{484BDEC7-BB61-44E5-98AF-42D6719960D3}"
EndProject
Project("{FAE04EC0-301F-11D3-BF4B-00C04F79EFBC}") = "YoYo.Toolkit", "..\YoYo.Toolkit\YoYo.Toolkit\YoYo.Toolkit.csproj", "{F485EC17-7612-A572-93BA-D1BFFAE10FC8}"
EndProject
Global
	GlobalSection(SolutionConfigurationPlatforms) = preSolution
		Debug|Any CPU = Debug|Any CPU
		Debug|x64 = Debug|x64
		Release|Any CPU = Release|Any CPU
		Release|x64 = Release|x64
	EndGlobalSection
	GlobalSection(ProjectConfigurationPlatforms) = postSolution
		{72F18DD1-4EAE-4113-AE19-566C49DAAC7E}.Debug|Any CPU.ActiveCfg = Debug|Any CPU
		{72F18DD1-4EAE-4113-AE19-566C49DAAC7E}.Debug|Any CPU.Build.0 = Debug|Any CPU
		{72F18DD1-4EAE-4113-AE19-566C49DAAC7E}.Debug|x64.ActiveCfg = Debug|x64
		{72F18DD1-4EAE-4113-AE19-566C49DAAC7E}.Debug|x64.Build.0 = Debug|x64
		{72F18DD1-4EAE-4113-AE19-566C49DAAC7E}.Release|Any CPU.ActiveCfg = Release|Any CPU
		{72F18DD1-4EAE-4113-AE19-566C49DAAC7E}.Release|Any CPU.Build.0 = Release|Any CPU
		{72F18DD1-4EAE-4113-AE19-566C49DAAC7E}.Release|x64.ActiveCfg = Release|x64
		{72F18DD1-4EAE-4113-AE19-566C49DAAC7E}.Release|x64.Build.0 = Release|x64
		{484BDEC7-BB61-44E5-98AF-42D6719960D3}.Debug|Any CPU.ActiveCfg = Debug|Any CPU
		{484BDEC7-BB61-44E5-98AF-42D6719960D3}.Debug|Any CPU.Build.0 = Debug|Any CPU
		{484BDEC7-BB61-44E5-98AF-42D6719960D3}.Debug|x64.ActiveCfg = Debug|x64
		{484BDEC7-BB61-44E5-98AF-42D6719960D3}.Debug|x64.Build.0 = Debug|x64
		{484BDEC7-BB61-44E5-98AF-42D6719960D3}.Release|Any CPU.ActiveCfg = Release|Any CPU
		{484BDEC7-BB61-44E5-98AF-42D6719960D3}.Release|Any CPU.Build.0 = Release|Any CPU
		{484BDEC7-BB61-44E5-98AF-42D6719960D3}.Release|x64.ActiveCfg = Release|Any CPU
		{484BDEC7-BB61-44E5-98AF-42D6719960D3}.Release|x64.Build.0 = Release|Any CPU
		{F485EC17-7612-A572-93BA-D1BFFAE10FC8}.Debug|Any CPU.ActiveCfg = Debug|Any CPU
		{F485EC17-7612-A572-93BA-D1BFFAE10FC8}.Debug|Any CPU.Build.0 = Debug|Any CPU
		{F485EC17-7612-A572-93BA-D1BFFAE10FC8}.Debug|x64.ActiveCfg = Debug|x64
		{F485EC17-7612-A572-93BA-D1BFFAE10FC8}.Debug|x64.Build.0 = Debug|x64
		{F485EC17-7612-A572-93BA-D1BFFAE10FC8}.Release|Any CPU.ActiveCfg = Release|Any CPU
		{F485EC17-7612-A572-93BA-D1BFFAE10FC8}.Release|Any CPU.Build.0 = Release|Any CPU
		{F485EC17-7612-A572-93BA-D1BFFAE10FC8}.Release|x64.ActiveCfg = Release|x64
		{F485EC17-7612-A572-93BA-D1BFFAE10FC8}.Release|x64.Build.0 = Release|x64
	EndGlobalSection
	GlobalSection(SolutionProperties) = preSolution
		HideSolutionNode = FALSE
	EndGlobalSection
	GlobalSection(ExtensibilityGlobals) = postSolution
		SolutionGuid = {89ACB910-0FDD-4A94-A681-FA20899099BD}
	EndGlobalSection
EndGlobal
